// !$*UTF8*$!
{
	archiveVersion = 1;
	classes = {
	};
	objectVersion = 46;
	objects = {

/* Begin PBXBuildFile section */
		27F8EF5319BD22D9002B9727 /* AppDelegate.swift in Sources */ = {isa = PBXBuildFile; fileRef = 27F8EF5219BD22D9002B9727 /* AppDelegate.swift */; };
		27F8EF5519BD22D9002B9727 /* ViewController.swift in Sources */ = {isa = PBXBuildFile; fileRef = 27F8EF5419BD22D9002B9727 /* ViewController.swift */; };
		27F8EF5819BD22D9002B9727 /* Main.storyboard in Resources */ = {isa = PBXBuildFile; fileRef = 27F8EF5619BD22D9002B9727 /* Main.storyboard */; };
		27F8EF5A19BD22D9002B9727 /* Images.xcassets in Resources */ = {isa = PBXBuildFile; fileRef = 27F8EF5919BD22D9002B9727 /* Images.xcassets */; };
		27F8EF6619BD22D9002B9727 /* TipsTests.swift in Sources */ = {isa = PBXBuildFile; fileRef = 27F8EF6519BD22D9002B9727 /* TipsTests.swift */; };
/* End PBXBuildFile section */

/* Begin PBXContainerItemProxy section */
		27F8EF6019BD22D9002B9727 /* PBXContainerItemProxy */ = {
			isa = PBXContainerItemProxy;
			containerPortal = 27F8EF4519BD22D9002B9727 /* Project object */;
			proxyType = 1;
			remoteGlobalIDString = 27F8EF4C19BD22D9002B9727;
			remoteInfo = Tips;
		};
/* End PBXContainerItemProxy section */

/* Begin PBXFileReference section */
		27F8EF4D19BD22D9002B9727 /* Tips.app */ = {isa = PBXFileReference; explicitFileType = wrapper.application; includeInIndex = 0; path = Tips.app; sourceTree = BUILT_PRODUCTS_DIR; };
		27F8EF5119BD22D9002B9727 /* Info.plist */ = {isa = PBXFileReference; lastKnownFileType = text.plist.xml; path = Info.plist; sourceTree = "<group>"; };
		27F8EF5219BD22D9002B9727 /* AppDelegate.swift */ = {isa = PBXFileReference; lastKnownFileType = sourcecode.swift; path = AppDelegate.swift; sourceTree = "<group>"; };
		27F8EF5419BD22D9002B9727 /* ViewController.swift */ = {isa = PBXFileReference; lastKnownFileType = sourcecode.swift; path = ViewController.swift; sourceTree = "<group>"; };
		27F8EF5719BD22D9002B9727 /* Base */ = {isa = PBXFileReference; lastKnownFileType = file.storyboard; name = Base; path = Base.lproj/Main.storyboard; sourceTree = "<group>"; };
		27F8EF5919BD22D9002B9727 /* Images.xcassets */ = {isa = PBXFileReference; lastKnownFileType = folder.assetcatalog; path = Images.xcassets; sourceTree = "<group>"; };
		27F8EF5F19BD22D9002B9727 /* TipsTests.xctest */ = {isa = PBXFileReference; explicitFileType = wrapper.cfbundle; includeInIndex = 0; path = TipsTests.xctest; sourceTree = BUILT_PRODUCTS_DIR; };
		27F8EF6419BD22D9002B9727 /* Info.plist */ = {isa = PBXFileReference; lastKnownFileType = text.plist.xml; path = Info.plist; sourceTree = "<group>"; };
		27F8EF6519BD22D9002B9727 /* TipsTests.swift */ = {isa = PBXFileReference; lastKnownFileType = sourcecode.swift; path = TipsTests.swift; sourceTree = "<group>"; };
/* End PBXFileReference section */

/* Begin PBXFrameworksBuildPhase section */
		27F8EF4A19BD22D9002B9727 /* Frameworks */ = {
			isa = PBXFrameworksBuildPhase;
			buildActionMask = 2147483647;
			files = (
			);
			runOnlyForDeploymentPostprocessing = 0;
		};
		27F8EF5C19BD22D9002B9727 /* Frameworks */ = {
			isa = PBXFrameworksBuildPhase;
			buildActionMask = 2147483647;
			files = (
			);
			runOnlyForDeploymentPostprocessing = 0;
		};
/* End PBXFrameworksBuildPhase section */

/* Begin PBXGroup section */
		27F8EF4419BD22D9002B9727 = {
			isa = PBXGroup;
			children = (
				27F8EF4F19BD22D9002B9727 /* Tips */,
				27F8EF6219BD22D9002B9727 /* TipsTests */,
				27F8EF4E19BD22D9002B9727 /* Products */,
			);
			sourceTree = "<group>";
		};
		27F8EF4E19BD22D9002B9727 /* Products */ = {
			isa = PBXGroup;
			children = (
				27F8EF4D19BD22D9002B9727 /* Tips.app */,
				27F8EF5F19BD22D9002B9727 /* TipsTests.xctest */,
			);
			name = Products;
			sourceTree = "<group>";
		};
		27F8EF4F19BD22D9002B9727 /* Tips */ = {
			isa = PBXGroup;
			children = (
				27F8EF5219BD22D9002B9727 /* AppDelegate.swift */,
				27F8EF5419BD22D9002B9727 /* ViewController.swift */,
				27F8EF5619BD22D9002B9727 /* Main.storyboard */,
				27F8EF5919BD22D9002B9727 /* Images.xcassets */,
				27F8EF5019BD22D9002B9727 /* Supporting Files */,
			);
			path = Tips;
			sourceTree = "<group>";
		};
		27F8EF5019BD22D9002B9727 /* Supporting Files */ = {
			isa = PBXGroup;
			children = (
				27F8EF5119BD22D9002B9727 /* Info.plist */,
			);
			name = "Supporting Files";
			sourceTree = "<group>";
		};
		27F8EF6219BD22D9002B9727 /* TipsTests */ = {
			isa = PBXGroup;
			children = (
				27F8EF6519BD22D9002B9727 /* TipsTests.swift */,
				27F8EF6319BD22D9002B9727 /* Supporting Files */,
			);
			path = TipsTests;
			sourceTree = "<group>";
		};
		27F8EF6319BD22D9002B9727 /* Supporting Files */ = {
			isa = PBXGroup;
			children = (
				27F8EF6419BD22D9002B9727 /* Info.plist */,
			);
			name = "Supporting Files";
			sourceTree = "<group>";
		};
/* End PBXGroup section */

/* Begin PBXNativeTarget section */
		27F8EF4C19BD22D9002B9727 /* Tips */ = {
			isa = PBXNativeTarget;
			buildConfigurationList = 27F8EF6919BD22D9002B9727 /* Build configuration list for PBXNativeTarget "Tips" */;
			buildPhases = (
				27F8EF4919BD22D9002B9727 /* Sources */,
				27F8EF4A19BD22D9002B9727 /* Frameworks */,
				27F8EF4B19BD22D9002B9727 /* Resources */,
			);
			buildRules = (
			);
			dependencies = (
			);
			name = Tips;
			productName = Tips;
			productReference = 27F8EF4D19BD22D9002B9727 /* Tips.app */;
			productType = "com.apple.product-type.application";
		};
		27F8EF5E19BD22D9002B9727 /* TipsTests */ = {
			isa = PBXNativeTarget;
			buildConfigurationList = 27F8EF6C19BD22D9002B9727 /* Build configuration list for PBXNativeTarget "TipsTests" */;
			buildPhases = (
				27F8EF5B19BD22D9002B9727 /* Sources */,
				27F8EF5C19BD22D9002B9727 /* Frameworks */,
				27F8EF5D19BD22D9002B9727 /* Resources */,
			);
			buildRules = (
			);
			dependencies = (
				27F8EF6119BD22D9002B9727 /* PBXTargetDependency */,
			);
			name = TipsTests;
			productName = TipsTests;
			productReference = 27F8EF5F19BD22D9002B9727 /* TipsTests.xctest */;
			productType = "com.apple.product-type.bundle.unit-test";
		};
/* End PBXNativeTarget section */

/* Begin PBXProject section */
		27F8EF4519BD22D9002B9727 /* Project object */ = {
			isa = PBXProject;
			attributes = {
				LastUpgradeCheck = 0600;
				ORGANIZATIONNAME = "Kyle Pickering";
				TargetAttributes = {
					27F8EF4C19BD22D9002B9727 = {
						CreatedOnToolsVersion = 6.0;
					};
					27F8EF5E19BD22D9002B9727 = {
						CreatedOnToolsVersion = 6.0;
						TestTargetID = 27F8EF4C19BD22D9002B9727;
					};
				};
			};
			buildConfigurationList = 27F8EF4819BD22D9002B9727 /* Build configuration list for PBXProject "Tips" */;
			compatibilityVersion = "Xcode 3.2";
			developmentRegion = English;
			hasScannedForEncodings = 0;
			knownRegions = (
				en,
				Base,
			);
			mainGroup = 27F8EF4419BD22D9002B9727;
			productRefGroup = 27F8EF4E19BD22D9002B9727 /* Products */;
			projectDirPath = "";
			projectRoot = "";
			targets = (
				27F8EF4C19BD22D9002B9727 /* Tips */,
				27F8EF5E19BD22D9002B9727 /* TipsTests */,
			);
		};
/* End PBXProject section */

/* Begin PBXResourcesBuildPhase section */
		27F8EF4B19BD22D9002B9727 /* Resources */ = {
			isa = PBXResourcesBuildPhase;
			buildActionMask = 2147483647;
			files = (
				27F8EF5819BD22D9002B9727 /* Main.storyboard in Resources */,
				27F8EF5A19BD22D9002B9727 /* Images.xcassets in Resources */,
			);
			runOnlyForDeploymentPostprocessing = 0;
		};
		27F8EF5D19BD22D9002B9727 /* Resources */ = {
			isa = PBXResourcesBuildPhase;
			buildActionMask = 2147483647;
			files = (
			);
			runOnlyForDeploymentPostprocessing = 0;
		};
/* End PBXResourcesBuildPhase section */

/* Begin PBXSourcesBuildPhase section */
		27F8EF4919BD22D9002B9727 /* Sources */ = {
			isa = PBXSourcesBuildPhase;
			buildActionMask = 2147483647;
			files = (
				27F8EF5519BD22D9002B9727 /* ViewController.swift in Sources */,
				27F8EF5319BD22D9002B9727 /* AppDelegate.swift in Sources */,
			);
			runOnlyForDeploymentPostprocessing = 0;
		};
		27F8EF5B19BD22D9002B9727 /* Sources */ = {
			isa = PBXSourcesBuildPhase;
			buildActionMask = 2147483647;
			files = (
				27F8EF6619BD22D9002B9727 /* TipsTests.swift in Sources */,
			);
			runOnlyForDeploymentPostprocessing = 0;
		};
/* End PBXSourcesBuildPhase section */

/* Begin PBXTargetDependency section */
		27F8EF6119BD22D9002B9727 /* PBXTargetDependency */ = {
			isa = PBXTargetDependency;
			target = 27F8EF4C19BD22D9002B9727 /* Tips */;
			targetProxy = 27F8EF6019BD22D9002B9727 /* PBXContainerItemProxy */;
		};
/* End PBXTargetDependency section */

/* Begin PBXVariantGroup section */
		27F8EF5619BD22D9002B9727 /* Main.storyboard */ = {
			isa = PBXVariantGroup;
			children = (
				27F8EF5719BD22D9002B9727 /* Base */,
			);
			name = Main.storyboard;
			sourceTree = "<group>";
		};
/* End PBXVariantGroup section */

/* Begin XCBuildConfiguration section */
		27F8EF6719BD22D9002B9727 /* Debug */ = {
			isa = XCBuildConfiguration;
			buildSettings = {
				ALWAYS_SEARCH_USER_PATHS = NO;
				CLANG_CXX_LANGUAGE_STANDARD = "gnu++0x";
				CLANG_CXX_LIBRARY = "libc++";
				CLANG_ENABLE_MODULES = YES;
				CLANG_ENABLE_OBJC_ARC = YES;
				CLANG_WARN_BOOL_CONVERSION = YES;
				CLANG_WARN_CONSTANT_CONVERSION = YES;
				CLANG_WARN_DIRECT_OBJC_ISA_USAGE = YES_ERROR;
				CLANG_WARN_EMPTY_BODY = YES;
				CLANG_WARN_ENUM_CONVERSION = YES;
				CLANG_WARN_INT_CONVERSION = YES;
				CLANG_WARN_OBJC_ROOT_CLASS = YES_ERROR;
				CLANG_WARN_UNREACHABLE_CODE = YES;
				CLANG_WARN__DUPLICATE_METHOD_MATCH = YES;
				"CODE_SIGN_IDENTITY[sdk=iphoneos*]" = "iPhone Developer";
				COPY_PHASE_STRIP = NO;
				ENABLE_STRICT_OBJC_MSGSEND = YES;
				GCC_C_LANGUAGE_STANDARD = gnu99;
				GCC_DYNAMIC_NO_PIC = NO;
				GCC_OPTIMIZATION_LEVEL = 0;
				GCC_PREPROCESSOR_DEFINITIONS = (
					"DEBUG=1",
					"$(inherited)",
				);
				GCC_SYMBOLS_PRIVATE_EXTERN = NO;
				GCC_WARN_64_TO_32_BIT_CONVERSION = YES;
				GCC_WARN_ABOUT_RETURN_TYPE = YES_ERROR;
				GCC_WARN_UNDECLARED_SELECTOR = YES;
				GCC_WARN_UNINITIALIZED_AUTOS = YES_AGGRESSIVE;
				GCC_WARN_UNUSED_FUNCTION = YES;
				GCC_WARN_UNUSED_VARIABLE = YES;
				IPHONEOS_DEPLOYMENT_TARGET = 8.0;
				MTL_ENABLE_DEBUG_INFO = YES;
				ONLY_ACTIVE_ARCH = YES;
				SDKROOT = iphoneos;
				SWIFT_OPTIMIZATION_LEVEL = "-Onone";
				TARGETED_DEVICE_FAMILY = "1,2";
			};
			name = Debug;
		};
		27F8EF6819BD22D9002B9727 /* Release */ = {
			isa = XCBuildConfiguration;
			buildSettings = {
				ALWAYS_SEARCH_USER_PATHS = NO;
				CLANG_CXX_LANGUAGE_STANDARD = "gnu++0x";
				CLANG_CXX_LIBRARY = "libc++";
				CLANG_ENABLE_MODULES = YES;
				CLANG_ENABLE_OBJC_ARC = YES;
				CLANG_WARN_BOOL_CONVERSION = YES;
				CLANG_WARN_CONSTANT_CONVERSION = YES;
				CLANG_WARN_DIRECT_OBJC_ISA_USAGE = YES_ERROR;
				CLANG_WARN_EMPTY_BODY = YES;
				CLANG_WARN_ENUM_CONVERSION = YES;
				CLANG_WARN_INT_CONVERSION = YES;
				CLANG_WARN_OBJC_ROOT_CLASS = YES_ERROR;
				CLANG_WARN_UNREACHABLE_CODE = YES;
				CLANG_WARN__DUPLICATE_METHOD_MATCH = YES;
				"CODE_SIGN_IDENTITY[sdk=iphoneos*]" = "iPhone Developer";
				COPY_PHASE_STRIP = YES;
				ENABLE_NS_ASSERTIONS = NO;
				ENABLE_STRICT_OBJC_MSGSEND = YES;
				GCC_C_LANGUAGE_STANDARD = gnu99;
				GCC_WARN_64_TO_32_BIT_CONVERSION = YES;
				GCC_WARN_ABOUT_RETURN_TYPE = YES_ERROR;
				GCC_WARN_UNDECLARED_SELECTOR = YES;
				GCC_WARN_UNINITIALIZED_AUTOS = YES_AGGRESSIVE;
				GCC_WARN_UNUSED_FUNCTION = YES;
				GCC_WARN_UNUSED_VARIABLE = YES;
				IPHONEOS_DEPLOYMENT_TARGET = 8.0;
				MTL_ENABLE_DEBUG_INFO = NO;
				SDKROOT = iphoneos;
				TARGETED_DEVICE_FAMILY = "1,2";
				VALIDATE_PRODUCT = YES;
			};
			name = Release;
		};
		27F8EF6A19BD22D9002B9727 /* Debug */ = {
			isa = XCBuildConfiguration;
			buildSettings = {
				ASSETCATALOG_COMPILER_APPICON_NAME = AppIcon;
				ASSETCATALOG_COMPILER_LAUNCHIMAGE_NAME = LaunchImage;
				INFOPLIST_FILE = Tips/Info.plist;
				IPHONEOS_DEPLOYMENT_TARGET = 7.0;
				LD_RUNPATH_SEARCH_PATHS = "$(inherited) @executable_path/Frameworks";
				PRODUCT_NAME = "$(TARGET_NAME)";
			};
			name = Debug;
		};
		27F8EF6B19BD22D9002B9727 /* Release */ = {
			isa = XCBuildConfiguration;
			buildSettings = {
				ASSETCATALOG_COMPILER_APPICON_NAME = AppIcon;
				ASSETCATALOG_COMPILER_LAUNCHIMAGE_NAME = LaunchImage;
				INFOPLIST_FILE = Tips/Info.plist;
				IPHONEOS_DEPLOYMENT_TARGET = 7.0;
				LD_RUNPATH_SEARCH_PATHS = "$(inherited) @executable_path/Frameworks";
				PRODUCT_NAME = "$(TARGET_NAME)";
			};
			name = Release;
		};
		27F8EF6D19BD22D9002B9727 /* Debug */ = {
			isa = XCBuildConfiguration;
			buildSettings = {
				BUNDLE_LOADER = "$(TEST_HOST)";
				FRAMEWORK_SEARCH_PATHS = (
					"$(SDKROOT)/Developer/Library/Frameworks",
					"$(inherited)",
				);
				GCC_PREPROCESSOR_DEFINITIONS = (
					"DEBUG=1",
					"$(inherited)",
				);
				INFOPLIST_FILE = TipsTests/Info.plist;
				LD_RUNPATH_SEARCH_PATHS = "$(inherited) @executable_path/Frameworks @loader_path/Frameworks";
				PRODUCT_NAME = "$(TARGET_NAME)";
				TEST_HOST = "$(BUILT_PRODUCTS_DIR)/Tips.app/Tips";
			};
			name = Debug;
		};
		27F8EF6E19BD22D9002B9727 /* Release */ = {
			isa = XCBuildConfiguration;
			buildSettings = {
				BUNDLE_LOADER = "$(TEST_HOST)";
				FRAMEWORK_SEARCH_PATHS = (
					"$(SDKROOT)/Developer/Library/Frameworks",
					"$(inherited)",
				);
				INFOPLIST_FILE = TipsTests/Info.plist;
				LD_RUNPATH_SEARCH_PATHS = "$(inherited) @executable_path/Frameworks @loader_path/Frameworks";
				PRODUCT_NAME = "$(TARGET_NAME)";
				TEST_HOST = "$(BUILT_PRODUCTS_DIR)/Tips.app/Tips";
			};
			name = Release;
		};
/* End XCBuildConfiguration section */

/* Begin XCConfigurationList section */
		27F8EF4819BD22D9002B9727 /* Build configuration list for PBXProject "Tips" */ = {
			isa = XCConfigurationList;
			buildConfigurations = (
				27F8EF6719BD22D9002B9727 /* Debug */,
				27F8EF6819BD22D9002B9727 /* Release */,
			);
			defaultConfigurationIsVisible = 0;
			defaultConfigurationName = Release;
		};
		27F8EF6919BD22D9002B9727 /* Build configuration list for PBXNativeTarget "Tips" */ = {
			isa = XCConfigurationList;
			buildConfigurations = (
				27F8EF6A19BD22D9002B9727 /* Debug */,
				27F8EF6B19BD22D9002B9727 /* Release */,
			);
			defaultConfigurationIsVisible = 0;
		};
		27F8EF6C19BD22D9002B9727 /* Build configuration list for PBXNativeTarget "TipsTests" */ = {
			isa = XCConfigurationList;
			buildConfigurations = (
				27F8EF6D19BD22D9002B9727 /* Debug */,
				27F8EF6E19BD22D9002B9727 /* Release */,
			);
			defaultConfigurationIsVisible = 0;
		};
/* End XCConfigurationList section */
	};
	rootObject = 27F8EF4519BD22D9002B9727 /* Project object */;
}
